PODS:
  - Alamofire (5.4.4)
  - iOSSnapshotTestCase (6.2.0):
    - iOSSnapshotTestCase/SwiftSupport (= 6.2.0)
  - iOSSnapshotTestCase/Core (6.2.0)
  - iOSSnapshotTestCase/SwiftSupport (6.2.0):
    - iOSSnapshotTestCase/Core
  - Nimble (9.2.1)
  - Nimble-Snapshots (9.0.0):
    - Nimble-Snapshots/Core (= 9.0.0)
  - Nimble-Snapshots/Core (9.0.0):
    - iOSSnapshotTestCase (~> 6.0)
    - Nimble

DEPENDENCIES:
  - Alamofire (~> 5.4.2)
  - Nimble (~> 9.2)
  - Nimble-Snapshots (~> 9.0.0)

SPEC REPOS:
  trunk:
    - Alamofire
    - iOSSnapshotTestCase
    - Nimble
    - Nimble-Snapshots

SPEC CHECKSUMS:
  Alamofire: f3b09a368f1582ab751b3fff5460276e0d2cf5c9
  iOSSnapshotTestCase: 9ab44cb5aa62b84d31847f40680112e15ec579a6
  Nimble: e7e615c0335ee4bf5b0d786685451e62746117d5
  Nimble-Snapshots: 36b027fd637b3e405ddc8362203d9dad3f5405fd

PODFILE CHECKSUM: 67fc0e976f15ccecb54b08629dc927d780901526

COCOAPODS: 1.12.1
