// !$*UTF8*$!
{
	archiveVersion = 1;
	classes = {
	};
	objectVersion = 55;
	objects = {

/* Begin PBXBuildFile section */
		417E99B12A956B68002144B6 /* AppDelegate.swift in Sources */ = {isa = PBXBuildFile; fileRef = 417E99B02A956B68002144B6 /* AppDelegate.swift */; };
		417E99B32A956B68002144B6 /* SceneDelegate.swift in Sources */ = {isa = PBXBuildFile; fileRef = 417E99B22A956B68002144B6 /* SceneDelegate.swift */; };
		417E99B52A956B68002144B6 /* ViewController.swift in Sources */ = {isa = PBXBuildFile; fileRef = 417E99B42A956B68002144B6 /* ViewController.swift */; };
		417E99B82A956B68002144B6 /* Main.storyboard in Resources */ = {isa = PBXBuildFile; fileRef = 417E99B62A956B68002144B6 /* Main.storyboard */; };
		417E99BA2A956B69002144B6 /* Assets.xcassets in Resources */ = {isa = PBXBuildFile; fileRef = 417E99B92A956B69002144B6 /* Assets.xcassets */; };
		417E99BD2A956B69002144B6 /* LaunchScreen.storyboard in Resources */ = {isa = PBXBuildFile; fileRef = 417E99BB2A956B69002144B6 /* LaunchScreen.storyboard */; };
		417E99D22A956B69002144B6 /* MVVMGithubUITests.swift in Sources */ = {isa = PBXBuildFile; fileRef = 417E99D12A956B69002144B6 /* MVVMGithubUITests.swift */; };
		417E99FB2A95709F002144B6 /* GithubUsersListListView.swift in Sources */ = {isa = PBXBuildFile; fileRef = 417E99E82A95709F002144B6 /* GithubUsersListListView.swift */; };
		417E99FC2A95709F002144B6 /* GithubUsersListViewModel.swift in Sources */ = {isa = PBXBuildFile; fileRef = 417E99E92A95709F002144B6 /* GithubUsersListViewModel.swift */; };
		417E99FD2A95709F002144B6 /* GithubUsersListViewController.swift in Sources */ = {isa = PBXBuildFile; fileRef = 417E99EA2A95709F002144B6 /* GithubUsersListViewController.swift */; };
		417E99FE2A95709F002144B6 /* UserCell.swift in Sources */ = {isa = PBXBuildFile; fileRef = 417E99EB2A95709F002144B6 /* UserCell.swift */; };
		417E99FF2A95709F002144B6 /* GithubUsersCoordinator.swift in Sources */ = {isa = PBXBuildFile; fileRef = 417E99EC2A95709F002144B6 /* GithubUsersCoordinator.swift */; };
		417E9A002A95709F002144B6 /* UIImageView+Extension.swift in Sources */ = {isa = PBXBuildFile; fileRef = 417E99EF2A95709F002144B6 /* UIImageView+Extension.swift */; };
		417E9A012A95709F002144B6 /* UIView+Extension.swift in Sources */ = {isa = PBXBuildFile; fileRef = 417E99F02A95709F002144B6 /* UIView+Extension.swift */; };
		417E9A022A95709F002144B6 /* String+Extension.swift in Sources */ = {isa = PBXBuildFile; fileRef = 417E99F12A95709F002144B6 /* String+Extension.swift */; };
		417E9A032A95709F002144B6 /* BaseViewController.swift in Sources */ = {isa = PBXBuildFile; fileRef = 417E99F32A95709F002144B6 /* BaseViewController.swift */; };
		417E9A042A95709F002144B6 /* ViewConfiguration.swift in Sources */ = {isa = PBXBuildFile; fileRef = 417E99F42A95709F002144B6 /* ViewConfiguration.swift */; };
		417E9A052A95709F002144B6 /* LoadingView.swift in Sources */ = {isa = PBXBuildFile; fileRef = 417E99F52A95709F002144B6 /* LoadingView.swift */; };
		417E9A062A95709F002144B6 /* Endpoints.swift in Sources */ = {isa = PBXBuildFile; fileRef = 417E99F72A95709F002144B6 /* Endpoints.swift */; };
		417E9A072A95709F002144B6 /* GithubUsersService.swift in Sources */ = {isa = PBXBuildFile; fileRef = 417E99F82A95709F002144B6 /* GithubUsersService.swift */; };
		417E9A082A95709F002144B6 /* User.swift in Sources */ = {isa = PBXBuildFile; fileRef = 417E99F92A95709F002144B6 /* User.swift */; };
		417E9A0B2A957196002144B6 /* Localizable.strings in Resources */ = {isa = PBXBuildFile; fileRef = 417E9A092A957196002144B6 /* Localizable.strings */; };
		417E9A1D2A959A5F002144B6 /* UINavigationControllerSpy.swift in Sources */ = {isa = PBXBuildFile; fileRef = 417E9A0F2A959A5F002144B6 /* UINavigationControllerSpy.swift */; };
		417E9A1E2A959A5F002144B6 /* GithubUsersServiceMock.swift in Sources */ = {isa = PBXBuildFile; fileRef = 417E9A102A959A5F002144B6 /* GithubUsersServiceMock.swift */; };
		417E9A1F2A959A5F002144B6 /* Mocks.swift in Sources */ = {isa = PBXBuildFile; fileRef = 417E9A112A959A5F002144B6 /* Mocks.swift */; };
		417E9A202A959A5F002144B6 /* GithubUsersListViewControllerTests.swift in Sources */ = {isa = PBXBuildFile; fileRef = 417E9A142A959A5F002144B6 /* GithubUsersListViewControllerTests.swift */; };
		417E9A212A959A5F002144B6 /* GithubUsersCoordinatorTests.swift in Sources */ = {isa = PBXBuildFile; fileRef = 417E9A152A959A5F002144B6 /* GithubUsersCoordinatorTests.swift */; };
		417E9A222A959A5F002144B6 /* UserCellTests.swift in Sources */ = {isa = PBXBuildFile; fileRef = 417E9A162A959A5F002144B6 /* UserCellTests.swift */; };
		417E9A262A959A5F002144B6 /* GithubUsersServiceTests.swift in Sources */ = {isa = PBXBuildFile; fileRef = 417E9A1C2A959A5F002144B6 /* GithubUsersServiceTests.swift */; };
		417E9A282A95A037002144B6 /* MockUrlImageProvider.swift in Sources */ = {isa = PBXBuildFile; fileRef = 417E9A272A95A037002144B6 /* MockUrlImageProvider.swift */; };
		417E9A292A95A0C2002144B6 /* Assets.xcassets in Resources */ = {isa = PBXBuildFile; fileRef = 417E99B92A956B69002144B6 /* Assets.xcassets */; };
		417E9A2B2A95A2EC002144B6 /* GithubUserListViewModelTests.swift in Sources */ = {isa = PBXBuildFile; fileRef = 417E9A2A2A95A2EC002144B6 /* GithubUserListViewModelTests.swift */; };
		44DFA8BE36B05CE965ABA60E /* Pods_MVVMGithubTests.framework in Frameworks */ = {isa = PBXBuildFile; fileRef = D163A05159257139893FCE78 /* Pods_MVVMGithubTests.framework */; };
		AFD0C6E94295F386D726591A /* Pods_MVVMGithub_MVVMGithubUITests.framework in Frameworks */ = {isa = PBXBuildFile; fileRef = 64CA2AF3A91819449E6A09BA /* Pods_MVVMGithub_MVVMGithubUITests.framework */; };
		C27CD0A39F68D1E63F45816A /* Pods_MVVMGithub.framework in Frameworks */ = {isa = PBXBuildFile; fileRef = 5A8D27585B0B53580CD6B8CF /* Pods_MVVMGithub.framework */; };
/* End PBXBuildFile section */

/* Begin PBXContainerItemProxy section */
		417E99C42A956B69002144B6 /* PBXContainerItemProxy */ = {
			isa = PBXContainerItemProxy;
			containerPortal = 417E99A52A956B68002144B6 /* Project object */;
			proxyType = 1;
			remoteGlobalIDString = 417E99AC2A956B68002144B6;
			remoteInfo = MVVMGithub;
		};
		417E99CE2A956B69002144B6 /* PBXContainerItemProxy */ = {
			isa = PBXContainerItemProxy;
			containerPortal = 417E99A52A956B68002144B6 /* Project object */;
			proxyType = 1;
			remoteGlobalIDString = 417E99AC2A956B68002144B6;
			remoteInfo = MVVMGithub;
		};
/* End PBXContainerItemProxy section */

/* Begin PBXFileReference section */
		417E99AD2A956B68002144B6 /* MVVMGithub.app */ = {isa = PBXFileReference; explicitFileType = wrapper.application; includeInIndex = 0; path = MVVMGithub.app; sourceTree = BUILT_PRODUCTS_DIR; };
		417E99B02A956B68002144B6 /* AppDelegate.swift */ = {isa = PBXFileReference; lastKnownFileType = sourcecode.swift; path = AppDelegate.swift; sourceTree = "<group>"; };
		417E99B22A956B68002144B6 /* SceneDelegate.swift */ = {isa = PBXFileReference; lastKnownFileType = sourcecode.swift; path = SceneDelegate.swift; sourceTree = "<group>"; };
		417E99B42A956B68002144B6 /* ViewController.swift */ = {isa = PBXFileReference; lastKnownFileType = sourcecode.swift; path = ViewController.swift; sourceTree = "<group>"; };
		417E99B72A956B68002144B6 /* Base */ = {isa = PBXFileReference; lastKnownFileType = file.storyboard; name = Base; path = Base.lproj/Main.storyboard; sourceTree = "<group>"; };
		417E99B92A956B69002144B6 /* Assets.xcassets */ = {isa = PBXFileReference; lastKnownFileType = folder.assetcatalog; path = Assets.xcassets; sourceTree = "<group>"; };
		417E99BC2A956B69002144B6 /* Base */ = {isa = PBXFileReference; lastKnownFileType = file.storyboard; name = Base; path = Base.lproj/LaunchScreen.storyboard; sourceTree = "<group>"; };
		417E99BE2A956B69002144B6 /* Info.plist */ = {isa = PBXFileReference; lastKnownFileType = text.plist.xml; path = Info.plist; sourceTree = "<group>"; };
		417E99C32A956B69002144B6 /* MVVMGithubTests.xctest */ = {isa = PBXFileReference; explicitFileType = wrapper.cfbundle; includeInIndex = 0; path = MVVMGithubTests.xctest; sourceTree = BUILT_PRODUCTS_DIR; };
		417E99CD2A956B69002144B6 /* MVVMGithubUITests.xctest */ = {isa = PBXFileReference; explicitFileType = wrapper.cfbundle; includeInIndex = 0; path = MVVMGithubUITests.xctest; sourceTree = BUILT_PRODUCTS_DIR; };
		417E99D12A956B69002144B6 /* MVVMGithubUITests.swift */ = {isa = PBXFileReference; lastKnownFileType = sourcecode.swift; path = MVVMGithubUITests.swift; sourceTree = "<group>"; };
		417E99E82A95709F002144B6 /* GithubUsersListListView.swift */ = {isa = PBXFileReference; fileEncoding = 4; lastKnownFileType = sourcecode.swift; path = GithubUsersListListView.swift; sourceTree = "<group>"; };
		417E99E92A95709F002144B6 /* GithubUsersListViewModel.swift */ = {isa = PBXFileReference; fileEncoding = 4; lastKnownFileType = sourcecode.swift; path = GithubUsersListViewModel.swift; sourceTree = "<group>"; };
		417E99EA2A95709F002144B6 /* GithubUsersListViewController.swift */ = {isa = PBXFileReference; fileEncoding = 4; lastKnownFileType = sourcecode.swift; path = GithubUsersListViewController.swift; sourceTree = "<group>"; };
		417E99EB2A95709F002144B6 /* UserCell.swift */ = {isa = PBXFileReference; fileEncoding = 4; lastKnownFileType = sourcecode.swift; path = UserCell.swift; sourceTree = "<group>"; };
		417E99EC2A95709F002144B6 /* GithubUsersCoordinator.swift */ = {isa = PBXFileReference; fileEncoding = 4; lastKnownFileType = sourcecode.swift; path = GithubUsersCoordinator.swift; sourceTree = "<group>"; };
		417E99EF2A95709F002144B6 /* UIImageView+Extension.swift */ = {isa = PBXFileReference; fileEncoding = 4; lastKnownFileType = sourcecode.swift; path = "UIImageView+Extension.swift"; sourceTree = "<group>"; };
		417E99F02A95709F002144B6 /* UIView+Extension.swift */ = {isa = PBXFileReference; fileEncoding = 4; lastKnownFileType = sourcecode.swift; path = "UIView+Extension.swift"; sourceTree = "<group>"; };
		417E99F12A95709F002144B6 /* String+Extension.swift */ = {isa = PBXFileReference; fileEncoding = 4; lastKnownFileType = sourcecode.swift; path = "String+Extension.swift"; sourceTree = "<group>"; };
		417E99F32A95709F002144B6 /* BaseViewController.swift */ = {isa = PBXFileReference; fileEncoding = 4; lastKnownFileType = sourcecode.swift; path = BaseViewController.swift; sourceTree = "<group>"; };
		417E99F42A95709F002144B6 /* ViewConfiguration.swift */ = {isa = PBXFileReference; fileEncoding = 4; lastKnownFileType = sourcecode.swift; path = ViewConfiguration.swift; sourceTree = "<group>"; };
		417E99F52A95709F002144B6 /* LoadingView.swift */ = {isa = PBXFileReference; fileEncoding = 4; lastKnownFileType = sourcecode.swift; path = LoadingView.swift; sourceTree = "<group>"; };
		417E99F72A95709F002144B6 /* Endpoints.swift */ = {isa = PBXFileReference; fileEncoding = 4; lastKnownFileType = sourcecode.swift; path = Endpoints.swift; sourceTree = "<group>"; };
		417E99F82A95709F002144B6 /* GithubUsersService.swift */ = {isa = PBXFileReference; fileEncoding = 4; lastKnownFileType = sourcecode.swift; path = GithubUsersService.swift; sourceTree = "<group>"; };
		417E99F92A95709F002144B6 /* User.swift */ = {isa = PBXFileReference; fileEncoding = 4; lastKnownFileType = sourcecode.swift; path = User.swift; sourceTree = "<group>"; };
		417E9A0A2A957196002144B6 /* Base */ = {isa = PBXFileReference; lastKnownFileType = text.plist.strings; name = Base; path = MVVMGithub/Base.lproj/Localizable.strings; sourceTree = "<group>"; };
		417E9A0C2A9577BB002144B6 /* pt-BR */ = {isa = PBXFileReference; lastKnownFileType = text.plist.strings; name = "pt-BR"; path = "MVVMGithub/pt-BR.lproj/Localizable.strings"; sourceTree = "<group>"; };
		417E9A0D2A9577CE002144B6 /* en */ = {isa = PBXFileReference; lastKnownFileType = text.plist.strings; name = en; path = MVVMGithub/en.lproj/Localizable.strings; sourceTree = "<group>"; };
		417E9A0F2A959A5F002144B6 /* UINavigationControllerSpy.swift */ = {isa = PBXFileReference; fileEncoding = 4; lastKnownFileType = sourcecode.swift; path = UINavigationControllerSpy.swift; sourceTree = "<group>"; };
		417E9A102A959A5F002144B6 /* GithubUsersServiceMock.swift */ = {isa = PBXFileReference; fileEncoding = 4; lastKnownFileType = sourcecode.swift; path = GithubUsersServiceMock.swift; sourceTree = "<group>"; };
		417E9A112A959A5F002144B6 /* Mocks.swift */ = {isa = PBXFileReference; fileEncoding = 4; lastKnownFileType = sourcecode.swift; path = Mocks.swift; sourceTree = "<group>"; };
		417E9A142A959A5F002144B6 /* GithubUsersListViewControllerTests.swift */ = {isa = PBXFileReference; fileEncoding = 4; lastKnownFileType = sourcecode.swift; path = GithubUsersListViewControllerTests.swift; sourceTree = "<group>"; };
		417E9A152A959A5F002144B6 /* GithubUsersCoordinatorTests.swift */ = {isa = PBXFileReference; fileEncoding = 4; lastKnownFileType = sourcecode.swift; path = GithubUsersCoordinatorTests.swift; sourceTree = "<group>"; };
		417E9A162A959A5F002144B6 /* UserCellTests.swift */ = {isa = PBXFileReference; fileEncoding = 4; lastKnownFileType = sourcecode.swift; path = UserCellTests.swift; sourceTree = "<group>"; };
		417E9A1C2A959A5F002144B6 /* GithubUsersServiceTests.swift */ = {isa = PBXFileReference; fileEncoding = 4; lastKnownFileType = sourcecode.swift; path = GithubUsersServiceTests.swift; sourceTree = "<group>"; };
		417E9A272A95A037002144B6 /* MockUrlImageProvider.swift */ = {isa = PBXFileReference; lastKnownFileType = sourcecode.swift; path = MockUrlImageProvider.swift; sourceTree = "<group>"; };
		417E9A2A2A95A2EC002144B6 /* GithubUserListViewModelTests.swift */ = {isa = PBXFileReference; lastKnownFileType = sourcecode.swift; path = GithubUserListViewModelTests.swift; sourceTree = "<group>"; };
		5A8D27585B0B53580CD6B8CF /* Pods_MVVMGithub.framework */ = {isa = PBXFileReference; explicitFileType = wrapper.framework; includeInIndex = 0; path = Pods_MVVMGithub.framework; sourceTree = BUILT_PRODUCTS_DIR; };
		64CA2AF3A91819449E6A09BA /* Pods_MVVMGithub_MVVMGithubUITests.framework */ = {isa = PBXFileReference; explicitFileType = wrapper.framework; includeInIndex = 0; path = Pods_MVVMGithub_MVVMGithubUITests.framework; sourceTree = BUILT_PRODUCTS_DIR; };
		65157996A164FDB006EF1DFD /* Pods-MVVMGithub-MVVMGithubUITests.debug.xcconfig */ = {isa = PBXFileReference; includeInIndex = 1; lastKnownFileType = text.xcconfig; name = "Pods-MVVMGithub-MVVMGithubUITests.debug.xcconfig"; path = "Target Support Files/Pods-MVVMGithub-MVVMGithubUITests/Pods-MVVMGithub-MVVMGithubUITests.debug.xcconfig"; sourceTree = "<group>"; };
		679B6E118A44DD637A3C2CE2 /* Pods-MVVMGithubTests.release.xcconfig */ = {isa = PBXFileReference; includeInIndex = 1; lastKnownFileType = text.xcconfig; name = "Pods-MVVMGithubTests.release.xcconfig"; path = "Target Support Files/Pods-MVVMGithubTests/Pods-MVVMGithubTests.release.xcconfig"; sourceTree = "<group>"; };
		84F6A305F5219E1A72095347 /* Pods-MVVMGithub-MVVMGithubUITests.release.xcconfig */ = {isa = PBXFileReference; includeInIndex = 1; lastKnownFileType = text.xcconfig; name = "Pods-MVVMGithub-MVVMGithubUITests.release.xcconfig"; path = "Target Support Files/Pods-MVVMGithub-MVVMGithubUITests/Pods-MVVMGithub-MVVMGithubUITests.release.xcconfig"; sourceTree = "<group>"; };
		94F24420F287C9BE5EF74C14 /* Pods-MVVMGithub.debug.xcconfig */ = {isa = PBXFileReference; includeInIndex = 1; lastKnownFileType = text.xcconfig; name = "Pods-MVVMGithub.debug.xcconfig"; path = "Target Support Files/Pods-MVVMGithub/Pods-MVVMGithub.debug.xcconfig"; sourceTree = "<group>"; };
		D163A05159257139893FCE78 /* Pods_MVVMGithubTests.framework */ = {isa = PBXFileReference; explicitFileType = wrapper.framework; includeInIndex = 0; path = Pods_MVVMGithubTests.framework; sourceTree = BUILT_PRODUCTS_DIR; };
		D6CB956BB74EEF92045D1A94 /* Pods-MVVMGithub.release.xcconfig */ = {isa = PBXFileReference; includeInIndex = 1; lastKnownFileType = text.xcconfig; name = "Pods-MVVMGithub.release.xcconfig"; path = "Target Support Files/Pods-MVVMGithub/Pods-MVVMGithub.release.xcconfig"; sourceTree = "<group>"; };
		F96E6C050CC88AD82536E110 /* Pods-MVVMGithubTests.debug.xcconfig */ = {isa = PBXFileReference; includeInIndex = 1; lastKnownFileType = text.xcconfig; name = "Pods-MVVMGithubTests.debug.xcconfig"; path = "Target Support Files/Pods-MVVMGithubTests/Pods-MVVMGithubTests.debug.xcconfig"; sourceTree = "<group>"; };
/* End PBXFileReference section */

/* Begin PBXFrameworksBuildPhase section */
		417E99AA2A956B68002144B6 /* Frameworks */ = {
			isa = PBXFrameworksBuildPhase;
			buildActionMask = 2147483647;
			files = (
				C27CD0A39F68D1E63F45816A /* Pods_MVVMGithub.framework in Frameworks */,
			);
			runOnlyForDeploymentPostprocessing = 0;
		};
		417E99C02A956B69002144B6 /* Frameworks */ = {
			isa = PBXFrameworksBuildPhase;
			buildActionMask = 2147483647;
			files = (
				44DFA8BE36B05CE965ABA60E /* Pods_MVVMGithubTests.framework in Frameworks */,
			);
			runOnlyForDeploymentPostprocessing = 0;
		};
		417E99CA2A956B69002144B6 /* Frameworks */ = {
			isa = PBXFrameworksBuildPhase;
			buildActionMask = 2147483647;
			files = (
				AFD0C6E94295F386D726591A /* Pods_MVVMGithub_MVVMGithubUITests.framework in Frameworks */,
			);
			runOnlyForDeploymentPostprocessing = 0;
		};
/* End PBXFrameworksBuildPhase section */

/* Begin PBXGroup section */
		417E99A42A956B68002144B6 = {
			isa = PBXGroup;
			children = (
				417E99AF2A956B68002144B6 /* MVVMGithub */,
				417E99C62A956B69002144B6 /* MVVMGithubTests */,
				417E99D02A956B69002144B6 /* MVVMGithubUITests */,
				417E99AE2A956B68002144B6 /* Products */,
				A9433964F4E803F42AFF6021 /* Pods */,
				816E6DBEFE7FF211BC6C5FB5 /* Frameworks */,
			);
			sourceTree = "<group>";
		};
		417E99AE2A956B68002144B6 /* Products */ = {
			isa = PBXGroup;
			children = (
				417E99AD2A956B68002144B6 /* MVVMGithub.app */,
				417E99C32A956B69002144B6 /* MVVMGithubTests.xctest */,
				417E99CD2A956B69002144B6 /* MVVMGithubUITests.xctest */,
			);
			name = Products;
			sourceTree = "<group>";
		};
		417E99AF2A956B68002144B6 /* MVVMGithub */ = {
			isa = PBXGroup;
			children = (
				417E99E52A95709F002144B6 /* Scenes */,
				417E99B02A956B68002144B6 /* AppDelegate.swift */,
				417E99B22A956B68002144B6 /* SceneDelegate.swift */,
				417E99B42A956B68002144B6 /* ViewController.swift */,
				417E99B62A956B68002144B6 /* Main.storyboard */,
				417E9A092A957196002144B6 /* Localizable.strings */,
				417E99B92A956B69002144B6 /* Assets.xcassets */,
				417E99BB2A956B69002144B6 /* LaunchScreen.storyboard */,
				417E99BE2A956B69002144B6 /* Info.plist */,
			);
			path = MVVMGithub;
			sourceTree = "<group>";
		};
		417E99C62A956B69002144B6 /* MVVMGithubTests */ = {
			isa = PBXGroup;
			children = (
				417E9A122A959A5F002144B6 /* Scenes */,
				417E9A0E2A959A5F002144B6 /* TestUtil */,
			);
			path = MVVMGithubTests;
			sourceTree = "<group>";
		};
		417E99D02A956B69002144B6 /* MVVMGithubUITests */ = {
			isa = PBXGroup;
			children = (
				417E99D12A956B69002144B6 /* MVVMGithubUITests.swift */,
			);
			path = MVVMGithubUITests;
			sourceTree = "<group>";
		};
		417E99E52A95709F002144B6 /* Scenes */ = {
			isa = PBXGroup;
			children = (
				417E99E62A95709F002144B6 /* UsersList */,
				417E99ED2A95709F002144B6 /* Common */,
				417E99F62A95709F002144B6 /* Model */,
			);
			path = Scenes;
			sourceTree = "<group>";
		};
		417E99E62A95709F002144B6 /* UsersList */ = {
			isa = PBXGroup;
			children = (
				417E99EB2A95709F002144B6 /* UserCell.swift */,
				417E99E92A95709F002144B6 /* GithubUsersListViewModel.swift */,
				417E99E82A95709F002144B6 /* GithubUsersListListView.swift */,
				417E99EA2A95709F002144B6 /* GithubUsersListViewController.swift */,
				417E99EC2A95709F002144B6 /* GithubUsersCoordinator.swift */,
			);
			path = UsersList;
			sourceTree = "<group>";
		};
		417E99ED2A95709F002144B6 /* Common */ = {
			isa = PBXGroup;
			children = (
				417E99EE2A95709F002144B6 /* Extension */,
				417E99F22A95709F002144B6 /* Base */,
			);
			path = Common;
			sourceTree = "<group>";
		};
		417E99EE2A95709F002144B6 /* Extension */ = {
			isa = PBXGroup;
			children = (
				417E99EF2A95709F002144B6 /* UIImageView+Extension.swift */,
				417E99F02A95709F002144B6 /* UIView+Extension.swift */,
				417E99F12A95709F002144B6 /* String+Extension.swift */,
			);
			path = Extension;
			sourceTree = "<group>";
		};
		417E99F22A95709F002144B6 /* Base */ = {
			isa = PBXGroup;
			children = (
				417E99F32A95709F002144B6 /* BaseViewController.swift */,
				417E99F42A95709F002144B6 /* ViewConfiguration.swift */,
				417E99F52A95709F002144B6 /* LoadingView.swift */,
			);
			path = Base;
			sourceTree = "<group>";
		};
		417E99F62A95709F002144B6 /* Model */ = {
			isa = PBXGroup;
			children = (
				417E99F72A95709F002144B6 /* Endpoints.swift */,
				417E99F92A95709F002144B6 /* User.swift */,
				417E99F82A95709F002144B6 /* GithubUsersService.swift */,
			);
			path = Model;
			sourceTree = "<group>";
		};
		417E9A0E2A959A5F002144B6 /* TestUtil */ = {
			isa = PBXGroup;
			children = (
				417E9A0F2A959A5F002144B6 /* UINavigationControllerSpy.swift */,
				417E9A102A959A5F002144B6 /* GithubUsersServiceMock.swift */,
				417E9A112A959A5F002144B6 /* Mocks.swift */,
				417E9A272A95A037002144B6 /* MockUrlImageProvider.swift */,
			);
			path = TestUtil;
			sourceTree = "<group>";
		};
		417E9A122A959A5F002144B6 /* Scenes */ = {
			isa = PBXGroup;
			children = (
				417E9A132A959A5F002144B6 /* UserList */,
				417E9A1A2A959A5F002144B6 /* Model */,
			);
			path = Scenes;
			sourceTree = "<group>";
		};
		417E9A132A959A5F002144B6 /* UserList */ = {
			isa = PBXGroup;
			children = (
				417E9A142A959A5F002144B6 /* GithubUsersListViewControllerTests.swift */,
				417E9A152A959A5F002144B6 /* GithubUsersCoordinatorTests.swift */,
				417E9A162A959A5F002144B6 /* UserCellTests.swift */,
				417E9A2A2A95A2EC002144B6 /* GithubUserListViewModelTests.swift */,
			);
			path = UserList;
			sourceTree = "<group>";
		};
		417E9A1A2A959A5F002144B6 /* Model */ = {
			isa = PBXGroup;
			children = (
				417E9A1C2A959A5F002144B6 /* GithubUsersServiceTests.swift */,
			);
			path = Model;
			sourceTree = "<group>";
		};
		816E6DBEFE7FF211BC6C5FB5 /* Frameworks */ = {
			isa = PBXGroup;
			children = (
				5A8D27585B0B53580CD6B8CF /* Pods_MVVMGithub.framework */,
				64CA2AF3A91819449E6A09BA /* Pods_MVVMGithub_MVVMGithubUITests.framework */,
				D163A05159257139893FCE78 /* Pods_MVVMGithubTests.framework */,
			);
			name = Frameworks;
			sourceTree = "<group>";
		};
		A9433964F4E803F42AFF6021 /* Pods */ = {
			isa = PBXGroup;
			children = (
				94F24420F287C9BE5EF74C14 /* Pods-MVVMGithub.debug.xcconfig */,
				D6CB956BB74EEF92045D1A94 /* Pods-MVVMGithub.release.xcconfig */,
				65157996A164FDB006EF1DFD /* Pods-MVVMGithub-MVVMGithubUITests.debug.xcconfig */,
				84F6A305F5219E1A72095347 /* Pods-MVVMGithub-MVVMGithubUITests.release.xcconfig */,
				F96E6C050CC88AD82536E110 /* Pods-MVVMGithubTests.debug.xcconfig */,
				679B6E118A44DD637A3C2CE2 /* Pods-MVVMGithubTests.release.xcconfig */,
			);
			path = Pods;
			sourceTree = "<group>";
		};
/* End PBXGroup section */

/* Begin PBXNativeTarget section */
		417E99AC2A956B68002144B6 /* MVVMGithub */ = {
			isa = PBXNativeTarget;
			buildConfigurationList = 417E99D72A956B69002144B6 /* Build configuration list for PBXNativeTarget "MVVMGithub" */;
			buildPhases = (
				832FEBBC611524C6870C2C87 /* [CP] Check Pods Manifest.lock */,
				417E99A92A956B68002144B6 /* Sources */,
				417E99AA2A956B68002144B6 /* Frameworks */,
				417E99AB2A956B68002144B6 /* Resources */,
				C761FF34C7A9BC8E5A4D31B6 /* [CP] Embed Pods Frameworks */,
			);
			buildRules = (
			);
			dependencies = (
			);
			name = MVVMGithub;
			productName = MVVMGithub;
			productReference = 417E99AD2A956B68002144B6 /* MVVMGithub.app */;
			productType = "com.apple.product-type.application";
		};
		417E99C22A956B69002144B6 /* MVVMGithubTests */ = {
			isa = PBXNativeTarget;
			buildConfigurationList = 417E99DA2A956B69002144B6 /* Build configuration list for PBXNativeTarget "MVVMGithubTests" */;
			buildPhases = (
				EC6607D5C7A96FD53C9424A6 /* [CP] Check Pods Manifest.lock */,
				417E99BF2A956B69002144B6 /* Sources */,
				417E99C02A956B69002144B6 /* Frameworks */,
				417E99C12A956B69002144B6 /* Resources */,
				D015B4D587720D9F76CBFE71 /* [CP] Embed Pods Frameworks */,
			);
			buildRules = (
			);
			dependencies = (
				417E99C52A956B69002144B6 /* PBXTargetDependency */,
			);
			name = MVVMGithubTests;
			productName = MVVMGithubTests;
			productReference = 417E99C32A956B69002144B6 /* MVVMGithubTests.xctest */;
			productType = "com.apple.product-type.bundle.unit-test";
		};
		417E99CC2A956B69002144B6 /* MVVMGithubUITests */ = {
			isa = PBXNativeTarget;
			buildConfigurationList = 417E99DD2A956B69002144B6 /* Build configuration list for PBXNativeTarget "MVVMGithubUITests" */;
			buildPhases = (
				E949C29B8C7153453E615D84 /* [CP] Check Pods Manifest.lock */,
				417E99C92A956B69002144B6 /* Sources */,
				417E99CA2A956B69002144B6 /* Frameworks */,
				417E99CB2A956B69002144B6 /* Resources */,
				62A43FDD67EBF591E9D0607E /* [CP] Embed Pods Frameworks */,
			);
			buildRules = (
			);
			dependencies = (
				417E99CF2A956B69002144B6 /* PBXTargetDependency */,
			);
			name = MVVMGithubUITests;
			productName = MVVMGithubUITests;
			productReference = 417E99CD2A956B69002144B6 /* MVVMGithubUITests.xctest */;
			productType = "com.apple.product-type.bundle.ui-testing";
		};
/* End PBXNativeTarget section */

/* Begin PBXProject section */
		417E99A52A956B68002144B6 /* Project object */ = {
			isa = PBXProject;
			attributes = {
				BuildIndependentTargetsInParallel = 1;
				LastSwiftUpdateCheck = 1430;
				LastUpgradeCheck = 1430;
				TargetAttributes = {
					417E99AC2A956B68002144B6 = {
						CreatedOnToolsVersion = 14.3.1;
					};
					417E99C22A956B69002144B6 = {
						CreatedOnToolsVersion = 14.3.1;
						TestTargetID = 417E99AC2A956B68002144B6;
					};
					417E99CC2A956B69002144B6 = {
						CreatedOnToolsVersion = 14.3.1;
						TestTargetID = 417E99AC2A956B68002144B6;
					};
				};
			};
			buildConfigurationList = 417E99A82A956B68002144B6 /* Build configuration list for PBXProject "MVVMGithub" */;
			compatibilityVersion = "Xcode 13.0";
			developmentRegion = en;
			hasScannedForEncodings = 0;
			knownRegions = (
				Base,
				"pt-BR",
				en,
			);
			mainGroup = 417E99A42A956B68002144B6;
			productRefGroup = 417E99AE2A956B68002144B6 /* Products */;
			projectDirPath = "";
			projectRoot = "";
			targets = (
				417E99AC2A956B68002144B6 /* MVVMGithub */,
				417E99C22A956B69002144B6 /* MVVMGithubTests */,
				417E99CC2A956B69002144B6 /* MVVMGithubUITests */,
			);
		};
/* End PBXProject section */

/* Begin PBXResourcesBuildPhase section */
		417E99AB2A956B68002144B6 /* Resources */ = {
			isa = PBXResourcesBuildPhase;
			buildActionMask = 2147483647;
			files = (
				417E99BD2A956B69002144B6 /* LaunchScreen.storyboard in Resources */,
				417E9A0B2A957196002144B6 /* Localizable.strings in Resources */,
				417E99BA2A956B69002144B6 /* Assets.xcassets in Resources */,
				417E99B82A956B68002144B6 /* Main.storyboard in Resources */,
			);
			runOnlyForDeploymentPostprocessing = 0;
		};
		417E99C12A956B69002144B6 /* Resources */ = {
			isa = PBXResourcesBuildPhase;
			buildActionMask = 2147483647;
			files = (
				417E9A292A95A0C2002144B6 /* Assets.xcassets in Resources */,
			);
			runOnlyForDeploymentPostprocessing = 0;
		};
		417E99CB2A956B69002144B6 /* Resources */ = {
			isa = PBXResourcesBuildPhase;
			buildActionMask = 2147483647;
			files = (
			);
			runOnlyForDeploymentPostprocessing = 0;
		};
/* End PBXResourcesBuildPhase section */

/* Begin PBXShellScriptBuildPhase section */
		62A43FDD67EBF591E9D0607E /* [CP] Embed Pods Frameworks */ = {
			isa = PBXShellScriptBuildPhase;
			buildActionMask = 2147483647;
			files = (
			);
			inputFileListPaths = (
				"${PODS_ROOT}/Target Support Files/Pods-MVVMGithub-MVVMGithubUITests/Pods-MVVMGithub-MVVMGithubUITests-frameworks-${CONFIGURATION}-input-files.xcfilelist",
			);
			name = "[CP] Embed Pods Frameworks";
			outputFileListPaths = (
				"${PODS_ROOT}/Target Support Files/Pods-MVVMGithub-MVVMGithubUITests/Pods-MVVMGithub-MVVMGithubUITests-frameworks-${CONFIGURATION}-output-files.xcfilelist",
			);
			runOnlyForDeploymentPostprocessing = 0;
			shellPath = /bin/sh;
			shellScript = "\"${PODS_ROOT}/Target Support Files/Pods-MVVMGithub-MVVMGithubUITests/Pods-MVVMGithub-MVVMGithubUITests-frameworks.sh\"\n";
			showEnvVarsInLog = 0;
		};
		832FEBBC611524C6870C2C87 /* [CP] Check Pods Manifest.lock */ = {
			isa = PBXShellScriptBuildPhase;
			buildActionMask = 2147483647;
			files = (
			);
			inputFileListPaths = (
			);
			inputPaths = (
				"${PODS_PODFILE_DIR_PATH}/Podfile.lock",
				"${PODS_ROOT}/Manifest.lock",
			);
			name = "[CP] Check Pods Manifest.lock";
			outputFileListPaths = (
			);
			outputPaths = (
				"$(DERIVED_FILE_DIR)/Pods-MVVMGithub-checkManifestLockResult.txt",
			);
			runOnlyForDeploymentPostprocessing = 0;
			shellPath = /bin/sh;
			shellScript = "diff \"${PODS_PODFILE_DIR_PATH}/Podfile.lock\" \"${PODS_ROOT}/Manifest.lock\" > /dev/null\nif [ $? != 0 ] ; then\n    # print error to STDERR\n    echo \"error: The sandbox is not in sync with the Podfile.lock. Run 'pod install' or update your CocoaPods installation.\" >&2\n    exit 1\nfi\n# This output is used by Xcode 'outputs' to avoid re-running this script phase.\necho \"SUCCESS\" > \"${SCRIPT_OUTPUT_FILE_0}\"\n";
			showEnvVarsInLog = 0;
		};
		C761FF34C7A9BC8E5A4D31B6 /* [CP] Embed Pods Frameworks */ = {
			isa = PBXShellScriptBuildPhase;
			buildActionMask = 2147483647;
			files = (
			);
			inputFileListPaths = (
				"${PODS_ROOT}/Target Support Files/Pods-MVVMGithub/Pods-MVVMGithub-frameworks-${CONFIGURATION}-input-files.xcfilelist",
			);
			name = "[CP] Embed Pods Frameworks";
			outputFileListPaths = (
				"${PODS_ROOT}/Target Support Files/Pods-MVVMGithub/Pods-MVVMGithub-frameworks-${CONFIGURATION}-output-files.xcfilelist",
			);
			runOnlyForDeploymentPostprocessing = 0;
			shellPath = /bin/sh;
			shellScript = "\"${PODS_ROOT}/Target Support Files/Pods-MVVMGithub/Pods-MVVMGithub-frameworks.sh\"\n";
			showEnvVarsInLog = 0;
		};
		D015B4D587720D9F76CBFE71 /* [CP] Embed Pods Frameworks */ = {
			isa = PBXShellScriptBuildPhase;
			buildActionMask = 2147483647;
			files = (
			);
			inputFileListPaths = (
				"${PODS_ROOT}/Target Support Files/Pods-MVVMGithubTests/Pods-MVVMGithubTests-frameworks-${CONFIGURATION}-input-files.xcfilelist",
			);
			name = "[CP] Embed Pods Frameworks";
			outputFileListPaths = (
				"${PODS_ROOT}/Target Support Files/Pods-MVVMGithubTests/Pods-MVVMGithubTests-frameworks-${CONFIGURATION}-output-files.xcfilelist",
			);
			runOnlyForDeploymentPostprocessing = 0;
			shellPath = /bin/sh;
			shellScript = "\"${PODS_ROOT}/Target Support Files/Pods-MVVMGithubTests/Pods-MVVMGithubTests-frameworks.sh\"\n";
			showEnvVarsInLog = 0;
		};
		E949C29B8C7153453E615D84 /* [CP] Check Pods Manifest.lock */ = {
			isa = PBXShellScriptBuildPhase;
			buildActionMask = 2147483647;
			files = (
			);
			inputFileListPaths = (
			);
			inputPaths = (
				"${PODS_PODFILE_DIR_PATH}/Podfile.lock",
				"${PODS_ROOT}/Manifest.lock",
			);
			name = "[CP] Check Pods Manifest.lock";
			outputFileListPaths = (
			);
			outputPaths = (
				"$(DERIVED_FILE_DIR)/Pods-MVVMGithub-MVVMGithubUITests-checkManifestLockResult.txt",
			);
			runOnlyForDeploymentPostprocessing = 0;
			shellPath = /bin/sh;
			shellScript = "diff \"${PODS_PODFILE_DIR_PATH}/Podfile.lock\" \"${PODS_ROOT}/Manifest.lock\" > /dev/null\nif [ $? != 0 ] ; then\n    # print error to STDERR\n    echo \"error: The sandbox is not in sync with the Podfile.lock. Run 'pod install' or update your CocoaPods installation.\" >&2\n    exit 1\nfi\n# This output is used by Xcode 'outputs' to avoid re-running this script phase.\necho \"SUCCESS\" > \"${SCRIPT_OUTPUT_FILE_0}\"\n";
			showEnvVarsInLog = 0;
		};
		EC6607D5C7A96FD53C9424A6 /* [CP] Check Pods Manifest.lock */ = {
			isa = PBXShellScriptBuildPhase;
			buildActionMask = 2147483647;
			files = (
			);
			inputFileListPaths = (
			);
			inputPaths = (
				"${PODS_PODFILE_DIR_PATH}/Podfile.lock",
				"${PODS_ROOT}/Manifest.lock",
			);
			name = "[CP] Check Pods Manifest.lock";
			outputFileListPaths = (
			);
			outputPaths = (
				"$(DERIVED_FILE_DIR)/Pods-MVVMGithubTests-checkManifestLockResult.txt",
			);
			runOnlyForDeploymentPostprocessing = 0;
			shellPath = /bin/sh;
			shellScript = "diff \"${PODS_PODFILE_DIR_PATH}/Podfile.lock\" \"${PODS_ROOT}/Manifest.lock\" > /dev/null\nif [ $? != 0 ] ; then\n    # print error to STDERR\n    echo \"error: The sandbox is not in sync with the Podfile.lock. Run 'pod install' or update your CocoaPods installation.\" >&2\n    exit 1\nfi\n# This output is used by Xcode 'outputs' to avoid re-running this script phase.\necho \"SUCCESS\" > \"${SCRIPT_OUTPUT_FILE_0}\"\n";
			showEnvVarsInLog = 0;
		};
/* End PBXShellScriptBuildPhase section */

/* Begin PBXSourcesBuildPhase section */
		417E99A92A956B68002144B6 /* Sources */ = {
			isa = PBXSourcesBuildPhase;
			buildActionMask = 2147483647;
			files = (
				417E9A032A95709F002144B6 /* BaseViewController.swift in Sources */,
				417E9A012A95709F002144B6 /* UIView+Extension.swift in Sources */,
				417E9A002A95709F002144B6 /* UIImageView+Extension.swift in Sources */,
				417E99FF2A95709F002144B6 /* GithubUsersCoordinator.swift in Sources */,
				417E99FD2A95709F002144B6 /* GithubUsersListViewController.swift in Sources */,
				417E9A042A95709F002144B6 /* ViewConfiguration.swift in Sources */,
				417E9A022A95709F002144B6 /* String+Extension.swift in Sources */,
				417E9A072A95709F002144B6 /* GithubUsersService.swift in Sources */,
				417E9A052A95709F002144B6 /* LoadingView.swift in Sources */,
				417E99B52A956B68002144B6 /* ViewController.swift in Sources */,
				417E99B12A956B68002144B6 /* AppDelegate.swift in Sources */,
				417E99B32A956B68002144B6 /* SceneDelegate.swift in Sources */,
				417E99FE2A95709F002144B6 /* UserCell.swift in Sources */,
				417E99FC2A95709F002144B6 /* GithubUsersListViewModel.swift in Sources */,
				417E9A062A95709F002144B6 /* Endpoints.swift in Sources */,
				417E9A082A95709F002144B6 /* User.swift in Sources */,
				417E99FB2A95709F002144B6 /* GithubUsersListListView.swift in Sources */,
			);
			runOnlyForDeploymentPostprocessing = 0;
		};
		417E99BF2A956B69002144B6 /* Sources */ = {
			isa = PBXSourcesBuildPhase;
			buildActionMask = 2147483647;
			files = (
				417E9A1D2A959A5F002144B6 /* UINavigationControllerSpy.swift in Sources */,
				417E9A262A959A5F002144B6 /* GithubUsersServiceTests.swift in Sources */,
				417E9A202A959A5F002144B6 /* GithubUsersListViewControllerTests.swift in Sources */,
				417E9A212A959A5F002144B6 /* GithubUsersCoordinatorTests.swift in Sources */,
				417E9A282A95A037002144B6 /* MockUrlImageProvider.swift in Sources */,
				417E9A1E2A959A5F002144B6 /* GithubUsersServiceMock.swift in Sources */,
				417E9A1F2A959A5F002144B6 /* Mocks.swift in Sources */,
				417E9A222A959A5F002144B6 /* UserCellTests.swift in Sources */,
				417E9A2B2A95A2EC002144B6 /* GithubUserListViewModelTests.swift in Sources */,
			);
			runOnlyForDeploymentPostprocessing = 0;
		};
		417E99C92A956B69002144B6 /* Sources */ = {
			isa = PBXSourcesBuildPhase;
			buildActionMask = 2147483647;
			files = (
				417E99D22A956B69002144B6 /* MVVMGithubUITests.swift in Sources */,
			);
			runOnlyForDeploymentPostprocessing = 0;
		};
/* End PBXSourcesBuildPhase section */

/* Begin PBXTargetDependency section */
		417E99C52A956B69002144B6 /* PBXTargetDependency */ = {
			isa = PBXTargetDependency;
			target = 417E99AC2A956B68002144B6 /* MVVMGithub */;
			targetProxy = 417E99C42A956B69002144B6 /* PBXContainerItemProxy */;
		};
		417E99CF2A956B69002144B6 /* PBXTargetDependency */ = {
			isa = PBXTargetDependency;
			target = 417E99AC2A956B68002144B6 /* MVVMGithub */;
			targetProxy = 417E99CE2A956B69002144B6 /* PBXContainerItemProxy */;
		};
/* End PBXTargetDependency section */

/* Begin PBXVariantGroup section */
		417E99B62A956B68002144B6 /* Main.storyboard */ = {
			isa = PBXVariantGroup;
			children = (
				417E99B72A956B68002144B6 /* Base */,
			);
			name = Main.storyboard;
			sourceTree = "<group>";
		};
		417E99BB2A956B69002144B6 /* LaunchScreen.storyboard */ = {
			isa = PBXVariantGroup;
			children = (
				417E99BC2A956B69002144B6 /* Base */,
			);
			name = LaunchScreen.storyboard;
			sourceTree = "<group>";
		};
		417E9A092A957196002144B6 /* Localizable.strings */ = {
			isa = PBXVariantGroup;
			children = (
				417E9A0A2A957196002144B6 /* Base */,
				417E9A0C2A9577BB002144B6 /* pt-BR */,
				417E9A0D2A9577CE002144B6 /* en */,
			);
			name = Localizable.strings;
			sourceTree = "<group>";
		};
/* End PBXVariantGroup section */

/* Begin XCBuildConfiguration section */
		417E99D52A956B69002144B6 /* Debug */ = {
			isa = XCBuildConfiguration;
			buildSettings = {
				ALWAYS_SEARCH_USER_PATHS = NO;
				CLANG_ANALYZER_LOCALIZABILITY_NONLOCALIZED = YES;
				CLANG_ANALYZER_NONNULL = YES;
				CLANG_ANALYZER_NUMBER_OBJECT_CONVERSION = YES_AGGRESSIVE;
				CLANG_CXX_LANGUAGE_STANDARD = "gnu++20";
				CLANG_ENABLE_MODULES = YES;
				CLANG_ENABLE_OBJC_ARC = YES;
				CLANG_ENABLE_OBJC_WEAK = YES;
				CLANG_WARN_BLOCK_CAPTURE_AUTORELEASING = YES;
				CLANG_WARN_BOOL_CONVERSION = YES;
				CLANG_WARN_COMMA = YES;
				CLANG_WARN_CONSTANT_CONVERSION = YES;
				CLANG_WARN_DEPRECATED_OBJC_IMPLEMENTATIONS = YES;
				CLANG_WARN_DIRECT_OBJC_ISA_USAGE = YES_ERROR;
				CLANG_WARN_DOCUMENTATION_COMMENTS = YES;
				CLANG_WARN_EMPTY_BODY = YES;
				CLANG_WARN_ENUM_CONVERSION = YES;
				CLANG_WARN_INFINITE_RECURSION = YES;
				CLANG_WARN_INT_CONVERSION = YES;
				CLANG_WARN_NON_LITERAL_NULL_CONVERSION = YES;
				CLANG_WARN_OBJC_IMPLICIT_RETAIN_SELF = YES;
				CLANG_WARN_OBJC_LITERAL_CONVERSION = YES;
				CLANG_WARN_OBJC_ROOT_CLASS = YES_ERROR;
				CLANG_WARN_QUOTED_INCLUDE_IN_FRAMEWORK_HEADER = YES;
				CLANG_WARN_RANGE_LOOP_ANALYSIS = YES;
				CLANG_WARN_STRICT_PROTOTYPES = YES;
				CLANG_WARN_SUSPICIOUS_MOVE = YES;
				CLANG_WARN_UNGUARDED_AVAILABILITY = YES_AGGRESSIVE;
				CLANG_WARN_UNREACHABLE_CODE = YES;
				CLANG_WARN__DUPLICATE_METHOD_MATCH = YES;
				COPY_PHASE_STRIP = NO;
				DEBUG_INFORMATION_FORMAT = dwarf;
				ENABLE_STRICT_OBJC_MSGSEND = YES;
				ENABLE_TESTABILITY = YES;
				GCC_C_LANGUAGE_STANDARD = gnu11;
				GCC_DYNAMIC_NO_PIC = NO;
				GCC_NO_COMMON_BLOCKS = YES;
				GCC_OPTIMIZATION_LEVEL = 0;
				GCC_PREPROCESSOR_DEFINITIONS = (
					"DEBUG=1",
					"$(inherited)",
				);
				GCC_WARN_64_TO_32_BIT_CONVERSION = YES;
				GCC_WARN_ABOUT_RETURN_TYPE = YES_ERROR;
				GCC_WARN_UNDECLARED_SELECTOR = YES;
				GCC_WARN_UNINITIALIZED_AUTOS = YES_AGGRESSIVE;
				GCC_WARN_UNUSED_FUNCTION = YES;
				GCC_WARN_UNUSED_VARIABLE = YES;
				IPHONEOS_DEPLOYMENT_TARGET = 13.0;
				MTL_ENABLE_DEBUG_INFO = INCLUDE_SOURCE;
				MTL_FAST_MATH = YES;
				ONLY_ACTIVE_ARCH = YES;
				SDKROOT = iphoneos;
				SWIFT_ACTIVE_COMPILATION_CONDITIONS = DEBUG;
				SWIFT_OPTIMIZATION_LEVEL = "-Onone";
			};
			name = Debug;
		};
		417E99D62A956B69002144B6 /* Release */ = {
			isa = XCBuildConfiguration;
			buildSettings = {
				ALWAYS_SEARCH_USER_PATHS = NO;
				CLANG_ANALYZER_LOCALIZABILITY_NONLOCALIZED = YES;
				CLANG_ANALYZER_NONNULL = YES;
				CLANG_ANALYZER_NUMBER_OBJECT_CONVERSION = YES_AGGRESSIVE;
				CLANG_CXX_LANGUAGE_STANDARD = "gnu++20";
				CLANG_ENABLE_MODULES = YES;
				CLANG_ENABLE_OBJC_ARC = YES;
				CLANG_ENABLE_OBJC_WEAK = YES;
				CLANG_WARN_BLOCK_CAPTURE_AUTORELEASING = YES;
				CLANG_WARN_BOOL_CONVERSION = YES;
				CLANG_WARN_COMMA = YES;
				CLANG_WARN_CONSTANT_CONVERSION = YES;
				CLANG_WARN_DEPRECATED_OBJC_IMPLEMENTATIONS = YES;
				CLANG_WARN_DIRECT_OBJC_ISA_USAGE = YES_ERROR;
				CLANG_WARN_DOCUMENTATION_COMMENTS = YES;
				CLANG_WARN_EMPTY_BODY = YES;
				CLANG_WARN_ENUM_CONVERSION = YES;
				CLANG_WARN_INFINITE_RECURSION = YES;
				CLANG_WARN_INT_CONVERSION = YES;
				CLANG_WARN_NON_LITERAL_NULL_CONVERSION = YES;
				CLANG_WARN_OBJC_IMPLICIT_RETAIN_SELF = YES;
				CLANG_WARN_OBJC_LITERAL_CONVERSION = YES;
				CLANG_WARN_OBJC_ROOT_CLASS = YES_ERROR;
				CLANG_WARN_QUOTED_INCLUDE_IN_FRAMEWORK_HEADER = YES;
				CLANG_WARN_RANGE_LOOP_ANALYSIS = YES;
				CLANG_WARN_STRICT_PROTOTYPES = YES;
				CLANG_WARN_SUSPICIOUS_MOVE = YES;
				CLANG_WARN_UNGUARDED_AVAILABILITY = YES_AGGRESSIVE;
				CLANG_WARN_UNREACHABLE_CODE = YES;
				CLANG_WARN__DUPLICATE_METHOD_MATCH = YES;
				COPY_PHASE_STRIP = NO;
				DEBUG_INFORMATION_FORMAT = "dwarf-with-dsym";
				ENABLE_NS_ASSERTIONS = NO;
				ENABLE_STRICT_OBJC_MSGSEND = YES;
				GCC_C_LANGUAGE_STANDARD = gnu11;
				GCC_NO_COMMON_BLOCKS = YES;
				GCC_WARN_64_TO_32_BIT_CONVERSION = YES;
				GCC_WARN_ABOUT_RETURN_TYPE = YES_ERROR;
				GCC_WARN_UNDECLARED_SELECTOR = YES;
				GCC_WARN_UNINITIALIZED_AUTOS = YES_AGGRESSIVE;
				GCC_WARN_UNUSED_FUNCTION = YES;
				GCC_WARN_UNUSED_VARIABLE = YES;
				IPHONEOS_DEPLOYMENT_TARGET = 13.0;
				MTL_ENABLE_DEBUG_INFO = NO;
				MTL_FAST_MATH = YES;
				SDKROOT = iphoneos;
				SWIFT_COMPILATION_MODE = wholemodule;
				SWIFT_OPTIMIZATION_LEVEL = "-O";
				VALIDATE_PRODUCT = YES;
			};
			name = Release;
		};
		417E99D82A956B69002144B6 /* Debug */ = {
			isa = XCBuildConfiguration;
			baseConfigurationReference = 94F24420F287C9BE5EF74C14 /* Pods-MVVMGithub.debug.xcconfig */;
			buildSettings = {
				ASSETCATALOG_COMPILER_APPICON_NAME = AppIcon;
				ASSETCATALOG_COMPILER_GLOBAL_ACCENT_COLOR_NAME = AccentColor;
				CODE_SIGN_STYLE = Automatic;
				CURRENT_PROJECT_VERSION = 1;
				GENERATE_INFOPLIST_FILE = YES;
				INFOPLIST_FILE = MVVMGithub/Info.plist;
				INFOPLIST_KEY_UIApplicationSupportsIndirectInputEvents = YES;
				INFOPLIST_KEY_UILaunchStoryboardName = LaunchScreen;
				INFOPLIST_KEY_UIMainStoryboardFile = Main;
				INFOPLIST_KEY_UISupportedInterfaceOrientations_iPad = "UIInterfaceOrientationPortrait UIInterfaceOrientationPortraitUpsideDown UIInterfaceOrientationLandscapeLeft UIInterfaceOrientationLandscapeRight";
				INFOPLIST_KEY_UISupportedInterfaceOrientations_iPhone = "UIInterfaceOrientationPortrait UIInterfaceOrientationLandscapeLeft UIInterfaceOrientationLandscapeRight";
				LD_RUNPATH_SEARCH_PATHS = (
					"$(inherited)",
					"@executable_path/Frameworks",
				);
				MARKETING_VERSION = 1.0;
				PRODUCT_BUNDLE_IDENTIFIER = com.jeferson.jesus.MVVMGithub;
				PRODUCT_NAME = "$(TARGET_NAME)";
				SWIFT_EMIT_LOC_STRINGS = YES;
				SWIFT_VERSION = 5.0;
				TARGETED_DEVICE_FAMILY = "1,2";
			};
			name = Debug;
		};
		417E99D92A956B69002144B6 /* Release */ = {
			isa = XCBuildConfiguration;
			baseConfigurationReference = D6CB956BB74EEF92045D1A94 /* Pods-MVVMGithub.release.xcconfig */;
			buildSettings = {
				ASSETCATALOG_COMPILER_APPICON_NAME = AppIcon;
				ASSETCATALOG_COMPILER_GLOBAL_ACCENT_COLOR_NAME = AccentColor;
				CODE_SIGN_STYLE = Automatic;
				CURRENT_PROJECT_VERSION = 1;
				GENERATE_INFOPLIST_FILE = YES;
				INFOPLIST_FILE = MVVMGithub/Info.plist;
				INFOPLIST_KEY_UIApplicationSupportsIndirectInputEvents = YES;
				INFOPLIST_KEY_UILaunchStoryboardName = LaunchScreen;
				INFOPLIST_KEY_UIMainStoryboardFile = Main;
				INFOPLIST_KEY_UISupportedInterfaceOrientations_iPad = "UIInterfaceOrientationPortrait UIInterfaceOrientationPortraitUpsideDown UIInterfaceOrientationLandscapeLeft UIInterfaceOrientationLandscapeRight";
				INFOPLIST_KEY_UISupportedInterfaceOrientations_iPhone = "UIInterfaceOrientationPortrait UIInterfaceOrientationLandscapeLeft UIInterfaceOrientationLandscapeRight";
				LD_RUNPATH_SEARCH_PATHS = (
					"$(inherited)",
					"@executable_path/Frameworks",
				);
				MARKETING_VERSION = 1.0;
				PRODUCT_BUNDLE_IDENTIFIER = com.jeferson.jesus.MVVMGithub;
				PRODUCT_NAME = "$(TARGET_NAME)";
				SWIFT_EMIT_LOC_STRINGS = YES;
				SWIFT_VERSION = 5.0;
				TARGETED_DEVICE_FAMILY = "1,2";
			};
			name = Release;
		};
		417E99DB2A956B69002144B6 /* Debug */ = {
			isa = XCBuildConfiguration;
			baseConfigurationReference = F96E6C050CC88AD82536E110 /* Pods-MVVMGithubTests.debug.xcconfig */;
			buildSettings = {
				ALWAYS_EMBED_SWIFT_STANDARD_LIBRARIES = YES;
				BUNDLE_LOADER = "$(TEST_HOST)";
				CODE_SIGN_STYLE = Automatic;
				CURRENT_PROJECT_VERSION = 1;
				GENERATE_INFOPLIST_FILE = YES;
				IPHONEOS_DEPLOYMENT_TARGET = 16.4;
				MARKETING_VERSION = 1.0;
				PRODUCT_BUNDLE_IDENTIFIER = com.jeferson.jesus.MVVMGithubTests;
				PRODUCT_NAME = "$(TARGET_NAME)";
				SWIFT_EMIT_LOC_STRINGS = NO;
				SWIFT_VERSION = 5.0;
				TARGETED_DEVICE_FAMILY = "1,2";
				TEST_HOST = "$(BUILT_PRODUCTS_DIR)/MVVMGithub.app/$(BUNDLE_EXECUTABLE_FOLDER_PATH)/MVVMGithub";
			};
			name = Debug;
		};
		417E99DC2A956B69002144B6 /* Release */ = {
			isa = XCBuildConfiguration;
			baseConfigurationReference = 679B6E118A44DD637A3C2CE2 /* Pods-MVVMGithubTests.release.xcconfig */;
			buildSettings = {
				ALWAYS_EMBED_SWIFT_STANDARD_LIBRARIES = YES;
				BUNDLE_LOADER = "$(TEST_HOST)";
				CODE_SIGN_STYLE = Automatic;
				CURRENT_PROJECT_VERSION = 1;
				GENERATE_INFOPLIST_FILE = YES;
				IPHONEOS_DEPLOYMENT_TARGET = 16.4;
				MARKETING_VERSION = 1.0;
				PRODUCT_BUNDLE_IDENTIFIER = com.jeferson.jesus.MVVMGithubTests;
				PRODUCT_NAME = "$(TARGET_NAME)";
				SWIFT_EMIT_LOC_STRINGS = NO;
				SWIFT_VERSION = 5.0;
				TARGETED_DEVICE_FAMILY = "1,2";
				TEST_HOST = "$(BUILT_PRODUCTS_DIR)/MVVMGithub.app/$(BUNDLE_EXECUTABLE_FOLDER_PATH)/MVVMGithub";
			};
			name = Release;
		};
		417E99DE2A956B69002144B6 /* Debug */ = {
			isa = XCBuildConfiguration;
			baseConfigurationReference = 65157996A164FDB006EF1DFD /* Pods-MVVMGithub-MVVMGithubUITests.debug.xcconfig */;
			buildSettings = {
				ALWAYS_EMBED_SWIFT_STANDARD_LIBRARIES = YES;
				CODE_SIGN_STYLE = Automatic;
				CURRENT_PROJECT_VERSION = 1;
				GENERATE_INFOPLIST_FILE = YES;
				MARKETING_VERSION = 1.0;
				PRODUCT_BUNDLE_IDENTIFIER = com.jeferson.jesus.MVVMGithubUITests;
				PRODUCT_NAME = "$(TARGET_NAME)";
				SWIFT_EMIT_LOC_STRINGS = NO;
				SWIFT_VERSION = 5.0;
				TARGETED_DEVICE_FAMILY = "1,2";
				TEST_TARGET_NAME = MVVMGithub;
			};
			name = Debug;
		};
		417E99DF2A956B69002144B6 /* Release */ = {
			isa = XCBuildConfiguration;
			baseConfigurationReference = 84F6A305F5219E1A72095347 /* Pods-MVVMGithub-MVVMGithubUITests.release.xcconfig */;
			buildSettings = {
				ALWAYS_EMBED_SWIFT_STANDARD_LIBRARIES = YES;
				CODE_SIGN_STYLE = Automatic;
				CURRENT_PROJECT_VERSION = 1;
				GENERATE_INFOPLIST_FILE = YES;
				MARKETING_VERSION = 1.0;
				PRODUCT_BUNDLE_IDENTIFIER = com.jeferson.jesus.MVVMGithubUITests;
				PRODUCT_NAME = "$(TARGET_NAME)";
				SWIFT_EMIT_LOC_STRINGS = NO;
				SWIFT_VERSION = 5.0;
				TARGETED_DEVICE_FAMILY = "1,2";
				TEST_TARGET_NAME = MVVMGithub;
			};
			name = Release;
		};
/* End XCBuildConfiguration section */

/* Begin XCConfigurationList section */
		417E99A82A956B68002144B6 /* Build configuration list for PBXProject "MVVMGithub" */ = {
			isa = XCConfigurationList;
			buildConfigurations = (
				417E99D52A956B69002144B6 /* Debug */,
				417E99D62A956B69002144B6 /* Release */,
			);
			defaultConfigurationIsVisible = 0;
			defaultConfigurationName = Release;
		};
		417E99D72A956B69002144B6 /* Build configuration list for PBXNativeTarget "MVVMGithub" */ = {
			isa = XCConfigurationList;
			buildConfigurations = (
				417E99D82A956B69002144B6 /* Debug */,
				417E99D92A956B69002144B6 /* Release */,
			);
			defaultConfigurationIsVisible = 0;
			defaultConfigurationName = Release;
		};
		417E99DA2A956B69002144B6 /* Build configuration list for PBXNativeTarget "MVVMGithubTests" */ = {
			isa = XCConfigurationList;
			buildConfigurations = (
				417E99DB2A956B69002144B6 /* Debug */,
				417E99DC2A956B69002144B6 /* Release */,
			);
			defaultConfigurationIsVisible = 0;
			defaultConfigurationName = Release;
		};
		417E99DD2A956B69002144B6 /* Build configuration list for PBXNativeTarget "MVVMGithubUITests" */ = {
			isa = XCConfigurationList;
			buildConfigurations = (
				417E99DE2A956B69002144B6 /* Debug */,
				417E99DF2A956B69002144B6 /* Release */,
			);
			defaultConfigurationIsVisible = 0;
			defaultConfigurationName = Release;
		};
/* End XCConfigurationList section */
	};
	rootObject = 417E99A52A956B68002144B6 /* Project object */;
}
